
Microsoft Visual Studio Solution File, Format Version 12.00
# Visual Studio 15
VisualStudioVersion = 15.0.26124.0
MinimumVisualStudioVersion = 15.0.26124.0
Project("{FAE04EC0-301F-11D3-BF4B-00C04F79EFBC}") = "R5T.Karlstad.Base.Construction", "R5T.Karlstad.Base.Construction\R5T.Karlstad.Base.Construction.csproj", "{3F280669-2704-4675-AD3B-0DC3C24727F3}"
EndProject
Project("{FAE04EC0-301F-11D3-BF4B-00C04F79EFBC}") = "R5T.Karlstad.Base", "R5T.Karlstad.Base\R5T.Karlstad.Base.csproj", "{C0D340B2-6A5B-44F3-90FE-41B2C777E81E}"
EndProject
Project("{2150E333-8FDC-42A3-9474-1A3956D46DE8}") = "_Dependencies", "_Dependencies", "{4A814544-311A-4870-A969-89E727B66939}"
EndProject
Project("{FAE04EC0-301F-11D3-BF4B-00C04F79EFBC}") = "R5T.T0064", "..\..\R5T.T0064\source\R5T.T0064\R5T.T0064.csproj", "{66583F8C-47D2-49D3-953B-1FB263BB9C51}"
EndProject
Global
	GlobalSection(SolutionConfigurationPlatforms) = preSolution
		Debug|Any CPU = Debug|Any CPU
		Debug|x64 = Debug|x64
		Debug|x86 = Debug|x86
		Release|Any CPU = Release|Any CPU
		Release|x64 = Release|x64
		Release|x86 = Release|x86
	EndGlobalSection
	GlobalSection(SolutionProperties) = preSolution
		HideSolutionNode = FALSE
	EndGlobalSection
	GlobalSection(ProjectConfigurationPlatforms) = postSolution
		{3F280669-2704-4675-AD3B-0DC3C24727F3}.Debug|Any CPU.ActiveCfg = Debug|Any CPU
		{3F280669-2704-4675-AD3B-0DC3C24727F3}.Debug|Any CPU.Build.0 = Debug|Any CPU
		{3F280669-2704-4675-AD3B-0DC3C24727F3}.Debug|x64.ActiveCfg = Debug|Any CPU
		{3F280669-2704-4675-AD3B-0DC3C24727F3}.Debug|x64.Build.0 = Debug|Any CPU
		{3F280669-2704-4675-AD3B-0DC3C24727F3}.Debug|x86.ActiveCfg = Debug|Any CPU
		{3F280669-2704-4675-AD3B-0DC3C24727F3}.Debug|x86.Build.0 = Debug|Any CPU
		{3F280669-2704-4675-AD3B-0DC3C24727F3}.Release|Any CPU.ActiveCfg = Release|Any CPU
		{3F280669-2704-4675-AD3B-0DC3C24727F3}.Release|Any CPU.Build.0 = Release|Any CPU
		{3F280669-2704-4675-AD3B-0DC3C24727F3}.Release|x64.ActiveCfg = Release|Any CPU
		{3F280669-2704-4675-AD3B-0DC3C24727F3}.Release|x64.Build.0 = Release|Any CPU
		{3F280669-2704-4675-AD3B-0DC3C24727F3}.Release|x86.ActiveCfg = Release|Any CPU
		{3F280669-2704-4675-AD3B-0DC3C24727F3}.Release|x86.Build.0 = Release|Any CPU
		{C0D340B2-6A5B-44F3-90FE-41B2C777E81E}.Debug|Any CPU.ActiveCfg = Debug|Any CPU
		{C0D340B2-6A5B-44F3-90FE-41B2C777E81E}.Debug|Any CPU.Build.0 = Debug|Any CPU
		{C0D340B2-6A5B-44F3-90FE-41B2C777E81E}.Debug|x64.ActiveCfg = Debug|Any CPU
		{C0D340B2-6A5B-44F3-90FE-41B2C777E81E}.Debug|x64.Build.0 = Debug|Any CPU
		{C0D340B2-6A5B-44F3-90FE-41B2C777E81E}.Debug|x86.ActiveCfg = Debug|Any CPU
		{C0D340B2-6A5B-44F3-90FE-41B2C777E81E}.Debug|x86.Build.0 = Debug|Any CPU
		{C0D340B2-6A5B-44F3-90FE-41B2C777E81E}.Release|Any CPU.ActiveCfg = Release|Any CPU
		{C0D340B2-6A5B-44F3-90FE-41B2C777E81E}.Release|Any CPU.Build.0 = Release|Any CPU
		{C0D340B2-6A5B-44F3-90FE-41B2C777E81E}.Release|x64.ActiveCfg = Release|Any CPU
		{C0D340B2-6A5B-44F3-90FE-41B2C777E81E}.Release|x64.Build.0 = Release|Any CPU
		{C0D340B2-6A5B-44F3-90FE-41B2C777E81E}.Release|x86.ActiveCfg = Release|Any CPU
		{C0D340B2-6A5B-44F3-90FE-41B2C777E81E}.Release|x86.Build.0 = Release|Any CPU
		{66583F8C-47D2-49D3-953B-1FB263BB9C51}.Debug|Any CPU.ActiveCfg = Debug|Any CPU
		{66583F8C-47D2-49D3-953B-1FB263BB9C51}.Debug|Any CPU.Build.0 = Debug|Any CPU
		{66583F8C-47D2-49D3-953B-1FB263BB9C51}.Debug|x64.ActiveCfg = Debug|Any CPU
		{66583F8C-47D2-49D3-953B-1FB263BB9C51}.Debug|x64.Build.0 = Debug|Any CPU
		{66583F8C-47D2-49D3-953B-1FB263BB9C51}.Debug|x86.ActiveCfg = Debug|Any CPU
		{66583F8C-47D2-49D3-953B-1FB263BB9C51}.Debug|x86.Build.0 = Debug|Any CPU
		{66583F8C-47D2-49D3-953B-1FB263BB9C51}.Release|Any CPU.ActiveCfg = Release|Any CPU
		{66583F8C-47D2-49D3-953B-1FB263BB9C51}.Release|Any CPU.Build.0 = Release|Any CPU
		{66583F8C-47D2-49D3-953B-1FB263BB9C51}.Release|x64.ActiveCfg = Release|Any CPU
		{66583F8C-47D2-49D3-953B-1FB263BB9C51}.Release|x64.Build.0 = Release|Any CPU
		{66583F8C-47D2-49D3-953B-1FB263BB9C51}.Release|x86.ActiveCfg = Release|Any CPU
		{66583F8C-47D2-49D3-953B-1FB263BB9C51}.Release|x86.Build.0 = Release|Any CPU
	EndGlobalSection
	GlobalSection(NestedProjects) = preSolution
		{66583F8C-47D2-49D3-953B-1FB263BB9C51} = {4A814544-311A-4870-A969-89E727B66939}
	EndGlobalSection
EndGlobal
